
Microsoft Visual Studio Solution File, Format Version 12.00
# Visual Studio Version 17
VisualStudioVersion = 17.5.33530.505
MinimumVisualStudioVersion = 10.0.40219.1
Project("{FAE04EC0-301F-11D3-BF4B-00C04F79EFBC}") = "3TryTest", "3TryTest.csproj", "{3EC09B72-0C04-410D-BDA5-3203446E06E4}"
EndProject
Global
	GlobalSection(SolutionConfigurationPlatforms) = preSolution
		Debug|Any CPU = Debug|Any CPU
		Release|Any CPU = Release|Any CPU
	EndGlobalSection
	GlobalSection(ProjectConfigurationPlatforms) = postSolution
		{3EC09B72-0C04-410D-BDA5-3203446E06E4}.Debug|Any CPU.ActiveCfg = Debug|Any CPU
		{3EC09B72-0C04-410D-BDA5-3203446E06E4}.Debug|Any CPU.Build.0 = Debug|Any CPU
		{3EC09B72-0C04-410D-BDA5-3203446E06E4}.Release|Any CPU.ActiveCfg = Release|Any CPU
		{3EC09B72-0C04-410D-BDA5-3203446E06E4}.Release|Any CPU.Build.0 = Release|Any CPU
	EndGlobalSection
	GlobalSection(SolutionProperties) = preSolution
		HideSolutionNode = FALSE
	EndGlobalSection
	GlobalSection(ExtensibilityGlobals) = postSolution
		SolutionGuid = {28C57708-2567-4CE3-910F-D8FBE71EAFF9}
	EndGlobalSection
EndGlobal
